
Microsoft Visual Studio Solution File, Format Version 12.00
Project("{FAE04EC0-301F-11D3-BF4B-00C04F79EFBC}") = "Kata", "Kata\Kata.csproj", "{6E2C52D2-9715-4283-A67F-2A7F25C2D6AE}"
EndProject
Project("{FAE04EC0-301F-11D3-BF4B-00C04F79EFBC}") = "Kata.Tests", "Kata.Tests\Kata.Tests.csproj", "{D27B85C4-B91C-4782-9337-308F2DA74AE2}"
EndProject
Global
	GlobalSection(SolutionConfigurationPlatforms) = preSolution
		Debug|Any CPU = Debug|Any CPU
		Release|Any CPU = Release|Any CPU
	EndGlobalSection
	GlobalSection(ProjectConfigurationPlatforms) = postSolution
		{6E2C52D2-9715-4283-A67F-2A7F25C2D6AE}.Debug|Any CPU.ActiveCfg = Debug|Any CPU
		{6E2C52D2-9715-4283-A67F-2A7F25C2D6AE}.Debug|Any CPU.Build.0 = Debug|Any CPU
		{6E2C52D2-9715-4283-A67F-2A7F25C2D6AE}.Release|Any CPU.ActiveCfg = Release|Any CPU
		{6E2C52D2-9715-4283-A67F-2A7F25C2D6AE}.Release|Any CPU.Build.0 = Release|Any CPU
		{D27B85C4-B91C-4782-9337-308F2DA74AE2}.Debug|Any CPU.ActiveCfg = Debug|Any CPU
		{D27B85C4-B91C-4782-9337-308F2DA74AE2}.Debug|Any CPU.Build.0 = Debug|Any CPU
		{D27B85C4-B91C-4782-9337-308F2DA74AE2}.Release|Any CPU.ActiveCfg = Release|Any CPU
		{D27B85C4-B91C-4782-9337-308F2DA74AE2}.Release|Any CPU.Build.0 = Release|Any CPU
	EndGlobalSection
EndGlobal
